# This file was autogenerated by Stack.
# You should not edit this file by hand.
# For more information, please see the documentation at:
#   https://docs.haskellstack.org/en/stable/topics/lock_files

packages:
- completed:
    hackage: extra-1.8@sha256:57d9200fbea2e88e05e0be35925511764827b1c86d3214106b0b610f331fc40c,2725
    pantry-tree:
      sha256: 3aafb822ea6975fa23384ef35d82bd67442b302795bf6a58c98b366e75302a1f
      size: 1961
  original:
    hackage: extra-1.8
- completed:
    hackage: ListZipper-1.2.0.2@sha256:5bbb5a4cc7f1cae962310407f711b874c087b48a0ba39b9fcce84cdb0ff5244c,639
    pantry-tree:
      sha256: 9343dd4659ff06f5dd59147aca3f8eb4550293a477ca149e9fba8d58f1e3ec38
      size: 213
  original:
    hackage: ListZipper-1.2.0.2
- completed:
    hackage: hashable-1.4.4.0@sha256:ae22238274c572aa91e90c6c353e7206386708912ac5e6dc40ac61d1dcc553db,5216
    pantry-tree:
      sha256: cd91ec6f09475d2d0b2cf49565a488c21694be0d46bf29565f9258f5f41a3a84
      size: 1249
  original:
    hackage: hashable-1.4.4.0
- completed:
    hackage: heap-1.0.4@sha256:d2492138714916700b2f66855f99f54bd51684c375121b73be114cafcbdb1504,1632
    pantry-tree:
      sha256: 4d72e0bb8f03e30171499e85130d10149b3d96d385d57180c91838f66952db32
      size: 648
  original:
    hackage: heap-1.0.4
snapshots:
- completed:
    sha256: 238fa745b64f91184f9aa518fe04bdde6552533d169b0da5256670df83a0f1a9
    size: 721141
    url: https://raw.githubusercontent.com/commercialhaskell/stackage-snapshots/master/lts/22/44.yaml
  original:
    url: https://raw.githubusercontent.com/commercialhaskell/stackage-snapshots/master/lts/22/44.yaml
