# This file was autogenerated by Stack.
# You should not edit this file by hand.
# For more information, please see the documentation at:
#   https://docs.haskellstack.org/en/stable/lock_files

packages:
- completed:
    hackage: extra-1.8@sha256:57d9200fbea2e88e05e0be35925511764827b1c86d3214106b0b610f331fc40c,2725
    pantry-tree:
      sha256: 3aafb822ea6975fa23384ef35d82bd67442b302795bf6a58c98b366e75302a1f
      size: 1961
  original:
    hackage: extra-1.8
- completed:
    hackage: ListZipper-1.2.0.2@sha256:5bbb5a4cc7f1cae962310407f711b874c087b48a0ba39b9fcce84cdb0ff5244c,639
    pantry-tree:
      sha256: 9343dd4659ff06f5dd59147aca3f8eb4550293a477ca149e9fba8d58f1e3ec38
      size: 213
  original:
    hackage: ListZipper-1.2.0.2
- completed:
    hackage: hashable-1.4.7.0@sha256:573f3ab242f75465a0d67ce9d84202650a1606575e6dbd6d31ffcf4767a9a379,6629
    pantry-tree:
      sha256: 9ec168505c52fa389b7447a1251b302e32537adeecac88c2aa72beed53beb3bd
      size: 1578
  original:
    hackage: hashable-1.4.7.0
snapshots:
- completed:
    sha256: 08bd13ce621b41a8f5e51456b38d5b46d7783ce114a50ab604d6bbab0d002146
    size: 720271
    url: https://raw.githubusercontent.com/commercialhaskell/stackage-snapshots/master/lts/22/43.yaml
  original:
    url: https://raw.githubusercontent.com/commercialhaskell/stackage-snapshots/master/lts/22/43.yaml
